
Microsoft Visual Studio Solution File, Format Version 12.00
# Visual Studio 2012
Project("{FAE04EC0-301F-11D3-BF4B-00C04F79EFBC}") = "EmployeeProject", "EmployeeProject\EmployeeProject.csproj", "{D146DBA9-C1D5-4292-9797-C39CF2871092}"
EndProject
Global
	GlobalSection(SolutionConfigurationPlatforms) = preSolution
		Debug|Any CPU = Debug|Any CPU
		Release|Any CPU = Release|Any CPU
	EndGlobalSection
	GlobalSection(ProjectConfigurationPlatforms) = postSolution
		{D146DBA9-C1D5-4292-9797-C39CF2871092}.Debug|Any CPU.ActiveCfg = Debug|Any CPU
		{D146DBA9-C1D5-4292-9797-C39CF2871092}.Debug|Any CPU.Build.0 = Debug|Any CPU
		{D146DBA9-C1D5-4292-9797-C39CF2871092}.Release|Any CPU.ActiveCfg = Release|Any CPU
		{D146DBA9-C1D5-4292-9797-C39CF2871092}.Release|Any CPU.Build.0 = Release|Any CPU
	EndGlobalSection
	GlobalSection(SolutionProperties) = preSolution
		HideSolutionNode = FALSE
	EndGlobalSection
EndGlobal
